
Microsoft Visual Studio Solution File, Format Version 12.00
# Visual Studio Version 17
VisualStudioVersion = 17.1.32210.238
MinimumVisualStudioVersion = 10.0.40219.1
Project("{FAE04EC0-301F-11D3-BF4B-00C04F79EFBC}") = "Interpreter1", "Interpreter1\Interpreter1.csproj", "{C5BEBF0E-E340-412A-9353-688C19829474}"
EndProject
Global
	GlobalSection(SolutionConfigurationPlatforms) = preSolution
		Debug|Any CPU = Debug|Any CPU
		Release|Any CPU = Release|Any CPU
	EndGlobalSection
	GlobalSection(ProjectConfigurationPlatforms) = postSolution
		{C5BEBF0E-E340-412A-9353-688C19829474}.Debug|Any CPU.ActiveCfg = Debug|Any CPU
		{C5BEBF0E-E340-412A-9353-688C19829474}.Debug|Any CPU.Build.0 = Debug|Any CPU
		{C5BEBF0E-E340-412A-9353-688C19829474}.Release|Any CPU.ActiveCfg = Release|Any CPU
		{C5BEBF0E-E340-412A-9353-688C19829474}.Release|Any CPU.Build.0 = Release|Any CPU
	EndGlobalSection
	GlobalSection(SolutionProperties) = preSolution
		HideSolutionNode = FALSE
	EndGlobalSection
	GlobalSection(ExtensibilityGlobals) = postSolution
		SolutionGuid = {2C7D01EA-23C9-4CF5-AE25-6998CFC3FE87}
	EndGlobalSection
EndGlobal
